# @generated - this file is auto-generated by `mise lock` https://mise.jdx.dev/dev-tools/mise-lock.html

[[tools.ruby]]
version = "3.2.1"
backend = "core:ruby"

[tools.ruby.options]
compile = "false"
precompiled_url = "jdx/ruby"
ruby_build_repo = "https://github.com/rbenv/ruby-build.git"
ruby_install = "false"

[tools.ruby."platforms.linux-arm64"]
checksum = "sha256:5b3ab1c91bf8a6afef665d78ddd962c2e23f4bd055d8596832bdb33e9779c4fa"
url = "https://github.com/jdx/ruby/releases/download/3.2.1-5/ruby-3.2.1.arm64_linux.tar.gz"
provenance = "github-attestations"

[tools.ruby."platforms.linux-x64"]
checksum = "sha256:e9724554c8a6d94cb25861825e0ef31c1c14d005f61ba6038801995df16168d9"
url = "https://github.com/jdx/ruby/releases/download/3.2.1-5/ruby-3.2.1.x86_64_linux.tar.gz"
provenance = "github-attestations"

[tools.ruby."platforms.macos-arm64"]
checksum = "sha256:b609ecb163896c4ba0d14b837830d99eb7ab19d46b4c49b00c36300e84163018"
url = "https://github.com/jdx/ruby/releases/download/3.2.1-5/ruby-3.2.1.macos.tar.gz"
provenance = "github-attestations"

[tools.ruby."platforms.macos-x64"]
checksum = "sha256:13d67901660ee3217dbd9dd56059346bd4212ce64a69c306ef52df64935f8dbd"
url = "https://cache.ruby-lang.org/pub/ruby/3.2/ruby-3.2.1.tar.gz"

[[tools.ruby]]
version = "3.2.1"
backend = "core:ruby"

[tools.ruby."platforms.windows-x64"]
url = "https://github.com/oneclick/rubyinstaller2/releases/download/RubyInstaller-3.2.1-1/rubyinstaller-3.2.1-1-x64.7z"

[[tools.ruby]]
version = "3.4.11"
backend = "core:ruby"

[tools.ruby.options]
compile = "false"
precompiled_url = "jdx/ruby"
ruby_build_repo = "https://github.com/rbenv/ruby-build.git"
ruby_install = "false"

[tools.ruby."platforms.linux-arm64"]
checksum = "sha256:6e4483d9b1c5cd8d6e94529324774eb9bd26aa81d3bed236298c189750e227db"
url = "https://github.com/jdx/ruby/releases/download/3.4.11-1/ruby-3.4.11.arm64_linux.tar.gz"
provenance = "github-attestations"

[tools.ruby."platforms.linux-x64"]
checksum = "sha256:b25a69eb4004852bc57877047f23fc8b1300aab6d2245f37ea6563f19305070b"
url = "https://github.com/jdx/ruby/releases/download/3.4.11-1/ruby-3.4.11.x86_64_linux.tar.gz"
provenance = "github-attestations"

[tools.ruby."platforms.macos-arm64"]
checksum = "sha256:4daac1266bd302c1a20fff0d65b25919ef3d64740ace1afd9f8bff69fd63db42"
url = "https://github.com/jdx/ruby/releases/download/3.4.11-1/ruby-3.4.11.macos.tar.gz"
provenance = "github-attestations"

[tools.ruby."platforms.macos-x64"]
checksum = "sha256:5c22be44524312b3d433d68739bcc530633b1da5ef8ba0afa0a37680da17d3de"
url = "https://cache.ruby-lang.org/pub/ruby/3.4/ruby-3.4.11.tar.gz"

[[tools.ruby]]
version = "3.4.11"
backend = "core:ruby"

[tools.ruby."platforms.windows-x64"]
url = "https://github.com/oneclick/rubyinstaller2/releases/download/RubyInstaller-3.4.11-1/rubyinstaller-3.4.11-1-x64.7z"
